// !$*UTF8*$!
{
	archiveVersion = 1;
	classes = {
	};
	objectVersion = 46;
	objects = {

/* Begin PBXBuildFile section */
		1624C9DE19D7927000AE620B /* MapViewController.m in Sources */ = {isa = PBXBuildFile; fileRef = 1624C9DD19D7927000AE620B /* MapViewController.m */; };
		1624C9E219D79E8600AE620B /* map_marker@2x.png in Resources */ = {isa = PBXBuildFile; fileRef = 1624C9E119D79E8600AE620B /* map_marker@2x.png */; };
		1624C9E419D79E8D00AE620B /* map_marker.png in Resources */ = {isa = PBXBuildFile; fileRef = 1624C9E319D79E8D00AE620B /* map_marker.png */; };
		1624C9E719D7A0E300AE620B /* user_male.png in Resources */ = {isa = PBXBuildFile; fileRef = 1624C9E519D7A0E300AE620B /* user_male.png */; };
		1624C9E819D7A0E300AE620B /* user_male@2x.png in Resources */ = {isa = PBXBuildFile; fileRef = 1624C9E619D7A0E300AE620B /* user_male@2x.png */; };
		1624C9EB19D7A31100AE620B /* money_bag.png in Resources */ = {isa = PBXBuildFile; fileRef = 1624C9E919D7A31100AE620B /* money_bag.png */; };
		1624C9EC19D7A31100AE620B /* money_bag@2x.png in Resources */ = {isa = PBXBuildFile; fileRef = 1624C9EA19D7A31100AE620B /* money_bag@2x.png */; };
		1624C9EE19D7AEA000AE620B /* lenasquare.jpg in Resources */ = {isa = PBXBuildFile; fileRef = 1624C9ED19D7AEA000AE620B /* lenasquare.jpg */; };
		1624C9F119D8A34300AE620B /* RewardsCollectionView.m in Sources */ = {isa = PBXBuildFile; fileRef = 1624C9F019D8A34300AE620B /* RewardsCollectionView.m */; };
		1624C9F719D8A64800AE620B /* RewardCardCell.m in Sources */ = {isa = PBXBuildFile; fileRef = 1624C9F619D8A64800AE620B /* RewardCardCell.m */; };
		16BA8BF519D4B044007B7880 /* main.m in Sources */ = {isa = PBXBuildFile; fileRef = 16BA8BF419D4B044007B7880 /* main.m */; };
		16BA8BF819D4B044007B7880 /* AppDelegate.m in Sources */ = {isa = PBXBuildFile; fileRef = 16BA8BF719D4B044007B7880 /* AppDelegate.m */; };
		16BA8BFB19D4B044007B7880 /* FirstViewController.m in Sources */ = {isa = PBXBuildFile; fileRef = 16BA8BFA19D4B044007B7880 /* FirstViewController.m */; };
		16BA8BFE19D4B044007B7880 /* SecondViewController.m in Sources */ = {isa = PBXBuildFile; fileRef = 16BA8BFD19D4B044007B7880 /* SecondViewController.m */; };
		16BA8C0119D4B044007B7880 /* Main.storyboard in Resources */ = {isa = PBXBuildFile; fileRef = 16BA8BFF19D4B044007B7880 /* Main.storyboard */; };
		16BA8C0319D4B044007B7880 /* Images.xcassets in Resources */ = {isa = PBXBuildFile; fileRef = 16BA8C0219D4B044007B7880 /* Images.xcassets */; };
		16BA8C0619D4B044007B7880 /* LaunchScreen.xib in Resources */ = {isa = PBXBuildFile; fileRef = 16BA8C0419D4B044007B7880 /* LaunchScreen.xib */; };
		16BA8C1219D4B044007B7880 /* Bar_VIPTests.m in Sources */ = {isa = PBXBuildFile; fileRef = 16BA8C1119D4B044007B7880 /* Bar_VIPTests.m */; };
		16BA8C1E19D4C3FA007B7880 /* TabBarController.m in Sources */ = {isa = PBXBuildFile; fileRef = 16BA8C1D19D4C3FA007B7880 /* TabBarController.m */; };
		16F3B4C219D8CAE70043A17B /* RewardHeaderCell.m in Sources */ = {isa = PBXBuildFile; fileRef = 16F3B4C119D8CAE70043A17B /* RewardHeaderCell.m */; };
		16F3B4C619D8CF5C0043A17B /* blurredbackground-dark.png in Resources */ = {isa = PBXBuildFile; fileRef = 16F3B4C519D8CF5C0043A17B /* blurredbackground-dark.png */; };
		16F3B4C819D8CF8D0043A17B /* Olive-reward-card@2x.png in Resources */ = {isa = PBXBuildFile; fileRef = 16F3B4C719D8CF8D0043A17B /* Olive-reward-card@2x.png */; };
		16F3B4CA19D8D6600043A17B /* olivetoothpick@2x.png in Resources */ = {isa = PBXBuildFile; fileRef = 16F3B4C919D8D6600043A17B /* olivetoothpick@2x.png */; };
		16F3B4CE19D8D9450043A17B /* reward-card-light.png in Resources */ = {isa = PBXBuildFile; fileRef = 16F3B4CD19D8D9450043A17B /* reward-card-light.png */; };
		16F3B4D719D8DF760043A17B /* Tall-Film.ttf in Resources */ = {isa = PBXBuildFile; fileRef = 16F3B4D619D8DF760043A17B /* Tall-Film.ttf */; };
		16F3B4DA19D8E9C00043A17B /* ProfileViewController.m in Sources */ = {isa = PBXBuildFile; fileRef = 16F3B4D919D8E9C00043A17B /* ProfileViewController.m */; };
		E4CF98FB7A6917E543D61280 /* libPods.a in Frameworks */ = {isa = PBXBuildFile; fileRef = B57940676FCB360D1A13B655 /* libPods.a */; };
/* End PBXBuildFile section */

/* Begin PBXContainerItemProxy section */
		16BA8C0C19D4B044007B7880 /* PBXContainerItemProxy */ = {
			isa = PBXContainerItemProxy;
			containerPortal = 16BA8BE719D4B044007B7880 /* Project object */;
			proxyType = 1;
			remoteGlobalIDString = 16BA8BEE19D4B044007B7880;
			remoteInfo = "Bar VIP";
		};
/* End PBXContainerItemProxy section */

/* Begin PBXFileReference section */
		1624C9DC19D7927000AE620B /* MapViewController.h */ = {isa = PBXFileReference; fileEncoding = 4; lastKnownFileType = sourcecode.c.h; path = MapViewController.h; sourceTree = "<group>"; };
		1624C9DD19D7927000AE620B /* MapViewController.m */ = {isa = PBXFileReference; fileEncoding = 4; lastKnownFileType = sourcecode.c.objc; path = MapViewController.m; sourceTree = "<group>"; };
		1624C9E119D79E8600AE620B /* map_marker@2x.png */ = {isa = PBXFileReference; lastKnownFileType = image.png; path = "map_marker@2x.png"; sourceTree = "<group>"; };
		1624C9E319D79E8D00AE620B /* map_marker.png */ = {isa = PBXFileReference; lastKnownFileType = image.png; path = map_marker.png; sourceTree = "<group>"; };
		1624C9E519D7A0E300AE620B /* user_male.png */ = {isa = PBXFileReference; lastKnownFileType = image.png; path = user_male.png; sourceTree = "<group>"; };
		1624C9E619D7A0E300AE620B /* user_male@2x.png */ = {isa = PBXFileReference; lastKnownFileType = image.png; path = "user_male@2x.png"; sourceTree = "<group>"; };
		1624C9E919D7A31100AE620B /* money_bag.png */ = {isa = PBXFileReference; lastKnownFileType = image.png; path = money_bag.png; sourceTree = "<group>"; };
		1624C9EA19D7A31100AE620B /* money_bag@2x.png */ = {isa = PBXFileReference; lastKnownFileType = image.png; path = "money_bag@2x.png"; sourceTree = "<group>"; };
		1624C9ED19D7AEA000AE620B /* lenasquare.jpg */ = {isa = PBXFileReference; lastKnownFileType = image.jpeg; path = lenasquare.jpg; sourceTree = "<group>"; };
		1624C9EF19D8A34300AE620B /* RewardsCollectionView.h */ = {isa = PBXFileReference; fileEncoding = 4; lastKnownFileType = sourcecode.c.h; path = RewardsCollectionView.h; sourceTree = "<group>"; };
		1624C9F019D8A34300AE620B /* RewardsCollectionView.m */ = {isa = PBXFileReference; fileEncoding = 4; lastKnownFileType = sourcecode.c.objc; path = RewardsCollectionView.m; sourceTree = "<group>"; };
		1624C9F519D8A64800AE620B /* RewardCardCell.h */ = {isa = PBXFileReference; fileEncoding = 4; lastKnownFileType = sourcecode.c.h; path = RewardCardCell.h; sourceTree = "<group>"; };
		1624C9F619D8A64800AE620B /* RewardCardCell.m */ = {isa = PBXFileReference; fileEncoding = 4; lastKnownFileType = sourcecode.c.objc; path = RewardCardCell.m; sourceTree = "<group>"; };
		16BA8BEF19D4B044007B7880 /* Bar VIP.app */ = {isa = PBXFileReference; explicitFileType = wrapper.application; includeInIndex = 0; path = "Bar VIP.app"; sourceTree = BUILT_PRODUCTS_DIR; };
		16BA8BF319D4B044007B7880 /* Info.plist */ = {isa = PBXFileReference; lastKnownFileType = text.plist.xml; path = Info.plist; sourceTree = "<group>"; };
		16BA8BF419D4B044007B7880 /* main.m */ = {isa = PBXFileReference; lastKnownFileType = sourcecode.c.objc; path = main.m; sourceTree = "<group>"; };
		16BA8BF619D4B044007B7880 /* AppDelegate.h */ = {isa = PBXFileReference; lastKnownFileType = sourcecode.c.h; path = AppDelegate.h; sourceTree = "<group>"; };
		16BA8BF719D4B044007B7880 /* AppDelegate.m */ = {isa = PBXFileReference; lastKnownFileType = sourcecode.c.objc; path = AppDelegate.m; sourceTree = "<group>"; };
		16BA8BF919D4B044007B7880 /* FirstViewController.h */ = {isa = PBXFileReference; lastKnownFileType = sourcecode.c.h; path = FirstViewController.h; sourceTree = "<group>"; };
		16BA8BFA19D4B044007B7880 /* FirstViewController.m */ = {isa = PBXFileReference; lastKnownFileType = sourcecode.c.objc; path = FirstViewController.m; sourceTree = "<group>"; };
		16BA8BFC19D4B044007B7880 /* SecondViewController.h */ = {isa = PBXFileReference; lastKnownFileType = sourcecode.c.h; path = SecondViewController.h; sourceTree = "<group>"; };
		16BA8BFD19D4B044007B7880 /* SecondViewController.m */ = {isa = PBXFileReference; lastKnownFileType = sourcecode.c.objc; path = SecondViewController.m; sourceTree = "<group>"; };
		16BA8C0019D4B044007B7880 /* Base */ = {isa = PBXFileReference; lastKnownFileType = file.storyboard; name = Base; path = Base.lproj/Main.storyboard; sourceTree = "<group>"; };
		16BA8C0219D4B044007B7880 /* Images.xcassets */ = {isa = PBXFileReference; lastKnownFileType = folder.assetcatalog; path = Images.xcassets; sourceTree = "<group>"; };
		16BA8C0519D4B044007B7880 /* Base */ = {isa = PBXFileReference; lastKnownFileType = file.xib; name = Base; path = Base.lproj/LaunchScreen.xib; sourceTree = "<group>"; };
		16BA8C0B19D4B044007B7880 /* Bar VIPTests.xctest */ = {isa = PBXFileReference; explicitFileType = wrapper.cfbundle; includeInIndex = 0; path = "Bar VIPTests.xctest"; sourceTree = BUILT_PRODUCTS_DIR; };
		16BA8C1019D4B044007B7880 /* Info.plist */ = {isa = PBXFileReference; lastKnownFileType = text.plist.xml; path = Info.plist; sourceTree = "<group>"; };
		16BA8C1119D4B044007B7880 /* Bar_VIPTests.m */ = {isa = PBXFileReference; lastKnownFileType = sourcecode.c.objc; path = Bar_VIPTests.m; sourceTree = "<group>"; };
		16BA8C1C19D4C3FA007B7880 /* TabBarController.h */ = {isa = PBXFileReference; fileEncoding = 4; lastKnownFileType = sourcecode.c.h; path = TabBarController.h; sourceTree = "<group>"; };
		16BA8C1D19D4C3FA007B7880 /* TabBarController.m */ = {isa = PBXFileReference; fileEncoding = 4; lastKnownFileType = sourcecode.c.objc; path = TabBarController.m; sourceTree = "<group>"; };
		16F3B4C019D8CAE70043A17B /* RewardHeaderCell.h */ = {isa = PBXFileReference; fileEncoding = 4; lastKnownFileType = sourcecode.c.h; path = RewardHeaderCell.h; sourceTree = "<group>"; };
		16F3B4C119D8CAE70043A17B /* RewardHeaderCell.m */ = {isa = PBXFileReference; fileEncoding = 4; lastKnownFileType = sourcecode.c.objc; path = RewardHeaderCell.m; sourceTree = "<group>"; };
		16F3B4C519D8CF5C0043A17B /* blurredbackground-dark.png */ = {isa = PBXFileReference; lastKnownFileType = image.png; path = "blurredbackground-dark.png"; sourceTree = "<group>"; };
		16F3B4C719D8CF8D0043A17B /* Olive-reward-card@2x.png */ = {isa = PBXFileReference; lastKnownFileType = image.png; path = "Olive-reward-card@2x.png"; sourceTree = "<group>"; };
		16F3B4C919D8D6600043A17B /* olivetoothpick@2x.png */ = {isa = PBXFileReference; lastKnownFileType = image.png; path = "olivetoothpick@2x.png"; sourceTree = "<group>"; };
		16F3B4CD19D8D9450043A17B /* reward-card-light.png */ = {isa = PBXFileReference; lastKnownFileType = image.png; path = "reward-card-light.png"; sourceTree = "<group>"; };
		16F3B4D619D8DF760043A17B /* Tall-Film.ttf */ = {isa = PBXFileReference; lastKnownFileType = file; path = "Tall-Film.ttf"; sourceTree = "<group>"; };
		16F3B4D819D8E9C00043A17B /* ProfileViewController.h */ = {isa = PBXFileReference; fileEncoding = 4; lastKnownFileType = sourcecode.c.h; path = ProfileViewController.h; sourceTree = "<group>"; };
		16F3B4D919D8E9C00043A17B /* ProfileViewController.m */ = {isa = PBXFileReference; fileEncoding = 4; lastKnownFileType = sourcecode.c.objc; path = ProfileViewController.m; sourceTree = "<group>"; };
		A52CF54CFCBDCF750E6CCA1C /* Pods.debug.xcconfig */ = {isa = PBXFileReference; includeInIndex = 1; lastKnownFileType = text.xcconfig; name = Pods.debug.xcconfig; path = "Pods/Target Support Files/Pods/Pods.debug.xcconfig"; sourceTree = "<group>"; };
		B57940676FCB360D1A13B655 /* libPods.a */ = {isa = PBXFileReference; explicitFileType = archive.ar; includeInIndex = 0; path = libPods.a; sourceTree = BUILT_PRODUCTS_DIR; };
		F898C20AAD46DFDECD6F22B5 /* Pods.release.xcconfig */ = {isa = PBXFileReference; includeInIndex = 1; lastKnownFileType = text.xcconfig; name = Pods.release.xcconfig; path = "Pods/Target Support Files/Pods/Pods.release.xcconfig"; sourceTree = "<group>"; };
/* End PBXFileReference section */

/* Begin PBXFrameworksBuildPhase section */
		16BA8BEC19D4B044007B7880 /* Frameworks */ = {
			isa = PBXFrameworksBuildPhase;
			buildActionMask = 2147483647;
			files = (
				E4CF98FB7A6917E543D61280 /* libPods.a in Frameworks */,
			);
			runOnlyForDeploymentPostprocessing = 0;
		};
		16BA8C0819D4B044007B7880 /* Frameworks */ = {
			isa = PBXFrameworksBuildPhase;
			buildActionMask = 2147483647;
			files = (
			);
			runOnlyForDeploymentPostprocessing = 0;
		};
/* End PBXFrameworksBuildPhase section */

/* Begin PBXGroup section */
		1624C9DF19D79E6300AE620B /* Assets */ = {
			isa = PBXGroup;
			children = (
				16F3B4CF19D8DCB40043A17B /* Fonts */,
				1624C9E019D79E6900AE620B /* Images */,
			);
			name = Assets;
			sourceTree = "<group>";
		};
		1624C9E019D79E6900AE620B /* Images */ = {
			isa = PBXGroup;
			children = (
				1624C9E319D79E8D00AE620B /* map_marker.png */,
				1624C9E119D79E8600AE620B /* map_marker@2x.png */,
				1624C9E519D7A0E300AE620B /* user_male.png */,
				1624C9E619D7A0E300AE620B /* user_male@2x.png */,
				1624C9E919D7A31100AE620B /* money_bag.png */,
				1624C9EA19D7A31100AE620B /* money_bag@2x.png */,
				16F3B4C719D8CF8D0043A17B /* Olive-reward-card@2x.png */,
				16F3B4C919D8D6600043A17B /* olivetoothpick@2x.png */,
				16F3B4CD19D8D9450043A17B /* reward-card-light.png */,
				16F3B4C519D8CF5C0043A17B /* blurredbackground-dark.png */,
				1624C9ED19D7AEA000AE620B /* lenasquare.jpg */,
			);
			name = Images;
			sourceTree = "<group>";
		};
		16BA8BE619D4B044007B7880 = {
			isa = PBXGroup;
			children = (
				16BA8BF119D4B044007B7880 /* Bar VIP */,
				16BA8C0E19D4B044007B7880 /* Bar VIPTests */,
				16BA8BF019D4B044007B7880 /* Products */,
				C5E776640D5E59E47F255CBF /* Pods */,
				241CE4BB225D6F926900BBE6 /* Frameworks */,
			);
			sourceTree = "<group>";
		};
		16BA8BF019D4B044007B7880 /* Products */ = {
			isa = PBXGroup;
			children = (
				16BA8BEF19D4B044007B7880 /* Bar VIP.app */,
				16BA8C0B19D4B044007B7880 /* Bar VIPTests.xctest */,
			);
			name = Products;
			sourceTree = "<group>";
		};
		16BA8BF119D4B044007B7880 /* Bar VIP */ = {
			isa = PBXGroup;
			children = (
				1624C9DF19D79E6300AE620B /* Assets */,
				16BA8BF619D4B044007B7880 /* AppDelegate.h */,
				16BA8BF719D4B044007B7880 /* AppDelegate.m */,
				1624C9DC19D7927000AE620B /* MapViewController.h */,
				1624C9DD19D7927000AE620B /* MapViewController.m */,
				16F3B4D819D8E9C00043A17B /* ProfileViewController.h */,
				16F3B4D919D8E9C00043A17B /* ProfileViewController.m */,
				1624C9EF19D8A34300AE620B /* RewardsCollectionView.h */,
				1624C9F019D8A34300AE620B /* RewardsCollectionView.m */,
				16F3B4C019D8CAE70043A17B /* RewardHeaderCell.h */,
				16F3B4C119D8CAE70043A17B /* RewardHeaderCell.m */,
				1624C9F519D8A64800AE620B /* RewardCardCell.h */,
				1624C9F619D8A64800AE620B /* RewardCardCell.m */,
				16BA8C1C19D4C3FA007B7880 /* TabBarController.h */,
				16BA8C1D19D4C3FA007B7880 /* TabBarController.m */,
				16BA8BF919D4B044007B7880 /* FirstViewController.h */,
				16BA8BFA19D4B044007B7880 /* FirstViewController.m */,
				16BA8BFC19D4B044007B7880 /* SecondViewController.h */,
				16BA8BFD19D4B044007B7880 /* SecondViewController.m */,
				16BA8BFF19D4B044007B7880 /* Main.storyboard */,
				16BA8C0219D4B044007B7880 /* Images.xcassets */,
				16BA8C0419D4B044007B7880 /* LaunchScreen.xib */,
				16BA8BF219D4B044007B7880 /* Supporting Files */,
			);
			path = "Bar VIP";
			sourceTree = "<group>";
		};
		16BA8BF219D4B044007B7880 /* Supporting Files */ = {
			isa = PBXGroup;
			children = (
				16BA8BF319D4B044007B7880 /* Info.plist */,
				16BA8BF419D4B044007B7880 /* main.m */,
			);
			name = "Supporting Files";
			sourceTree = "<group>";
		};
		16BA8C0E19D4B044007B7880 /* Bar VIPTests */ = {
			isa = PBXGroup;
			children = (
				16BA8C1119D4B044007B7880 /* Bar_VIPTests.m */,
				16BA8C0F19D4B044007B7880 /* Supporting Files */,
			);
			path = "Bar VIPTests";
			sourceTree = "<group>";
		};
		16BA8C0F19D4B044007B7880 /* Supporting Files */ = {
			isa = PBXGroup;
			children = (
				16BA8C1019D4B044007B7880 /* Info.plist */,
			);
			name = "Supporting Files";
			sourceTree = "<group>";
		};
		16F3B4CF19D8DCB40043A17B /* Fonts */ = {
			isa = PBXGroup;
			children = (
				16F3B4D619D8DF760043A17B /* Tall-Film.ttf */,
			);
			name = Fonts;
			sourceTree = "<group>";
		};
		241CE4BB225D6F926900BBE6 /* Frameworks */ = {
			isa = PBXGroup;
			children = (
				B57940676FCB360D1A13B655 /* libPods.a */,
			);
			name = Frameworks;
			sourceTree = "<group>";
		};
		C5E776640D5E59E47F255CBF /* Pods */ = {
			isa = PBXGroup;
			children = (
				A52CF54CFCBDCF750E6CCA1C /* Pods.debug.xcconfig */,
				F898C20AAD46DFDECD6F22B5 /* Pods.release.xcconfig */,
			);
			name = Pods;
			sourceTree = "<group>";
		};
/* End PBXGroup section */

/* Begin PBXNativeTarget section */
		16BA8BEE19D4B044007B7880 /* Bar VIP */ = {
			isa = PBXNativeTarget;
			buildConfigurationList = 16BA8C1519D4B044007B7880 /* Build configuration list for PBXNativeTarget "Bar VIP" */;
			buildPhases = (
				12082062CFE7775F0DBBC42A /* Check Pods Manifest.lock */,
				16BA8BEB19D4B044007B7880 /* Sources */,
				16BA8BEC19D4B044007B7880 /* Frameworks */,
				16BA8BED19D4B044007B7880 /* Resources */,
				0B27B5BB4708E935EF877086 /* Copy Pods Resources */,
			);
			buildRules = (
			);
			dependencies = (
			);
			name = "Bar VIP";
			productName = "Bar VIP";
			productReference = 16BA8BEF19D4B044007B7880 /* Bar VIP.app */;
			productType = "com.apple.product-type.application";
		};
		16BA8C0A19D4B044007B7880 /* Bar VIPTests */ = {
			isa = PBXNativeTarget;
			buildConfigurationList = 16BA8C1819D4B044007B7880 /* Build configuration list for PBXNativeTarget "Bar VIPTests" */;
			buildPhases = (
				16BA8C0719D4B044007B7880 /* Sources */,
				16BA8C0819D4B044007B7880 /* Frameworks */,
				16BA8C0919D4B044007B7880 /* Resources */,
			);
			buildRules = (
			);
			dependencies = (
				16BA8C0D19D4B044007B7880 /* PBXTargetDependency */,
			);
			name = "Bar VIPTests";
			productName = "Bar VIPTests";
			productReference = 16BA8C0B19D4B044007B7880 /* Bar VIPTests.xctest */;
			productType = "com.apple.product-type.bundle.unit-test";
		};
/* End PBXNativeTarget section */

/* Begin PBXProject section */
		16BA8BE719D4B044007B7880 /* Project object */ = {
			isa = PBXProject;
			attributes = {
				LastUpgradeCheck = 0600;
				ORGANIZATIONNAME = JakeBent;
				TargetAttributes = {
					16BA8BEE19D4B044007B7880 = {
						CreatedOnToolsVersion = 6.0.1;
					};
					16BA8C0A19D4B044007B7880 = {
						CreatedOnToolsVersion = 6.0.1;
						TestTargetID = 16BA8BEE19D4B044007B7880;
					};
				};
			};
			buildConfigurationList = 16BA8BEA19D4B044007B7880 /* Build configuration list for PBXProject "Bar VIP" */;
			compatibilityVersion = "Xcode 3.2";
			developmentRegion = English;
			hasScannedForEncodings = 0;
			knownRegions = (
				en,
				Base,
			);
			mainGroup = 16BA8BE619D4B044007B7880;
			productRefGroup = 16BA8BF019D4B044007B7880 /* Products */;
			projectDirPath = "";
			projectRoot = "";
			targets = (
				16BA8BEE19D4B044007B7880 /* Bar VIP */,
				16BA8C0A19D4B044007B7880 /* Bar VIPTests */,
			);
		};
/* End PBXProject section */

/* Begin PBXResourcesBuildPhase section */
		16BA8BED19D4B044007B7880 /* Resources */ = {
			isa = PBXResourcesBuildPhase;
			buildActionMask = 2147483647;
			files = (
				16BA8C0119D4B044007B7880 /* Main.storyboard in Resources */,
				1624C9EB19D7A31100AE620B /* money_bag.png in Resources */,
				1624C9E219D79E8600AE620B /* map_marker@2x.png in Resources */,
				1624C9E719D7A0E300AE620B /* user_male.png in Resources */,
				16F3B4CA19D8D6600043A17B /* olivetoothpick@2x.png in Resources */,
				1624C9EE19D7AEA000AE620B /* lenasquare.jpg in Resources */,
				16F3B4C819D8CF8D0043A17B /* Olive-reward-card@2x.png in Resources */,
				16F3B4CE19D8D9450043A17B /* reward-card-light.png in Resources */,
				1624C9E819D7A0E300AE620B /* user_male@2x.png in Resources */,
				1624C9EC19D7A31100AE620B /* money_bag@2x.png in Resources */,
				16F3B4C619D8CF5C0043A17B /* blurredbackground-dark.png in Resources */,
				16F3B4D719D8DF760043A17B /* Tall-Film.ttf in Resources */,
				16BA8C0619D4B044007B7880 /* LaunchScreen.xib in Resources */,
				16BA8C0319D4B044007B7880 /* Images.xcassets in Resources */,
				1624C9E419D79E8D00AE620B /* map_marker.png in Resources */,
			);
			runOnlyForDeploymentPostprocessing = 0;
		};
		16BA8C0919D4B044007B7880 /* Resources */ = {
			isa = PBXResourcesBuildPhase;
			buildActionMask = 2147483647;
			files = (
			);
			runOnlyForDeploymentPostprocessing = 0;
		};
/* End PBXResourcesBuildPhase section */

/* Begin PBXShellScriptBuildPhase section */
		0B27B5BB4708E935EF877086 /* Copy Pods Resources */ = {
			isa = PBXShellScriptBuildPhase;
			buildActionMask = 2147483647;
			files = (
			);
			inputPaths = (
			);
			name = "Copy Pods Resources";
			outputPaths = (
			);
			runOnlyForDeploymentPostprocessing = 0;
			shellPath = /bin/sh;
			shellScript = "\"${SRCROOT}/Pods/Target Support Files/Pods/Pods-resources.sh\"\n";
			showEnvVarsInLog = 0;
		};
		12082062CFE7775F0DBBC42A /* Check Pods Manifest.lock */ = {
			isa = PBXShellScriptBuildPhase;
			buildActionMask = 2147483647;
			files = (
			);
			inputPaths = (
			);
			name = "Check Pods Manifest.lock";
			outputPaths = (
			);
			runOnlyForDeploymentPostprocessing = 0;
			shellPath = /bin/sh;
			shellScript = "diff \"${PODS_ROOT}/../Podfile.lock\" \"${PODS_ROOT}/Manifest.lock\" > /dev/null\nif [[ $? != 0 ]] ; then\n    cat << EOM\nerror: The sandbox is not in sync with the Podfile.lock. Run 'pod install' or update your CocoaPods installation.\nEOM\n    exit 1\nfi\n";
			showEnvVarsInLog = 0;
		};
/* End PBXShellScriptBuildPhase section */

/* Begin PBXSourcesBuildPhase section */
		16BA8BEB19D4B044007B7880 /* Sources */ = {
			isa = PBXSourcesBuildPhase;
			buildActionMask = 2147483647;
			files = (
				16BA8BFE19D4B044007B7880 /* SecondViewController.m in Sources */,
				16BA8BF819D4B044007B7880 /* AppDelegate.m in Sources */,
				1624C9F719D8A64800AE620B /* RewardCardCell.m in Sources */,
				16BA8C1E19D4C3FA007B7880 /* TabBarController.m in Sources */,
				16F3B4DA19D8E9C00043A17B /* ProfileViewController.m in Sources */,
				1624C9F119D8A34300AE620B /* RewardsCollectionView.m in Sources */,
				16F3B4C219D8CAE70043A17B /* RewardHeaderCell.m in Sources */,
				1624C9DE19D7927000AE620B /* MapViewController.m in Sources */,
				16BA8BFB19D4B044007B7880 /* FirstViewController.m in Sources */,
				16BA8BF519D4B044007B7880 /* main.m in Sources */,
			);
			runOnlyForDeploymentPostprocessing = 0;
		};
		16BA8C0719D4B044007B7880 /* Sources */ = {
			isa = PBXSourcesBuildPhase;
			buildActionMask = 2147483647;
			files = (
				16BA8C1219D4B044007B7880 /* Bar_VIPTests.m in Sources */,
			);
			runOnlyForDeploymentPostprocessing = 0;
		};
/* End PBXSourcesBuildPhase section */

/* Begin PBXTargetDependency section */
		16BA8C0D19D4B044007B7880 /* PBXTargetDependency */ = {
			isa = PBXTargetDependency;
			target = 16BA8BEE19D4B044007B7880 /* Bar VIP */;
			targetProxy = 16BA8C0C19D4B044007B7880 /* PBXContainerItemProxy */;
		};
/* End PBXTargetDependency section */

/* Begin PBXVariantGroup section */
		16BA8BFF19D4B044007B7880 /* Main.storyboard */ = {
			isa = PBXVariantGroup;
			children = (
				16BA8C0019D4B044007B7880 /* Base */,
			);
			name = Main.storyboard;
			sourceTree = "<group>";
		};
		16BA8C0419D4B044007B7880 /* LaunchScreen.xib */ = {
			isa = PBXVariantGroup;
			children = (
				16BA8C0519D4B044007B7880 /* Base */,
			);
			name = LaunchScreen.xib;
			sourceTree = "<group>";
		};
/* End PBXVariantGroup section */

/* Begin XCBuildConfiguration section */
		16BA8C1319D4B044007B7880 /* Debug */ = {
			isa = XCBuildConfiguration;
			buildSettings = {
				ALWAYS_SEARCH_USER_PATHS = NO;
				CLANG_CXX_LANGUAGE_STANDARD = "gnu++0x";
				CLANG_CXX_LIBRARY = "libc++";
				CLANG_ENABLE_MODULES = YES;
				CLANG_ENABLE_OBJC_ARC = YES;
				CLANG_WARN_BOOL_CONVERSION = YES;
				CLANG_WARN_CONSTANT_CONVERSION = YES;
				CLANG_WARN_DIRECT_OBJC_ISA_USAGE = YES_ERROR;
				CLANG_WARN_EMPTY_BODY = YES;
				CLANG_WARN_ENUM_CONVERSION = YES;
				CLANG_WARN_INT_CONVERSION = YES;
				CLANG_WARN_OBJC_ROOT_CLASS = YES_ERROR;
				CLANG_WARN_UNREACHABLE_CODE = YES;
				CLANG_WARN__DUPLICATE_METHOD_MATCH = YES;
				"CODE_SIGN_IDENTITY[sdk=iphoneos*]" = "iPhone Developer";
				COPY_PHASE_STRIP = NO;
				ENABLE_STRICT_OBJC_MSGSEND = YES;
				GCC_C_LANGUAGE_STANDARD = gnu99;
				GCC_DYNAMIC_NO_PIC = NO;
				GCC_OPTIMIZATION_LEVEL = 0;
				GCC_PREPROCESSOR_DEFINITIONS = (
					"DEBUG=1",
					"$(inherited)",
				);
				GCC_SYMBOLS_PRIVATE_EXTERN = NO;
				GCC_WARN_64_TO_32_BIT_CONVERSION = YES;
				GCC_WARN_ABOUT_RETURN_TYPE = YES_ERROR;
				GCC_WARN_UNDECLARED_SELECTOR = YES;
				GCC_WARN_UNINITIALIZED_AUTOS = YES_AGGRESSIVE;
				GCC_WARN_UNUSED_FUNCTION = YES;
				GCC_WARN_UNUSED_VARIABLE = YES;
				IPHONEOS_DEPLOYMENT_TARGET = 8.0;
				MTL_ENABLE_DEBUG_INFO = YES;
				ONLY_ACTIVE_ARCH = YES;
				SDKROOT = iphoneos;
			};
			name = Debug;
		};
		16BA8C1419D4B044007B7880 /* Release */ = {
			isa = XCBuildConfiguration;
			buildSettings = {
				ALWAYS_SEARCH_USER_PATHS = NO;
				CLANG_CXX_LANGUAGE_STANDARD = "gnu++0x";
				CLANG_CXX_LIBRARY = "libc++";
				CLANG_ENABLE_MODULES = YES;
				CLANG_ENABLE_OBJC_ARC = YES;
				CLANG_WARN_BOOL_CONVERSION = YES;
				CLANG_WARN_CONSTANT_CONVERSION = YES;
				CLANG_WARN_DIRECT_OBJC_ISA_USAGE = YES_ERROR;
				CLANG_WARN_EMPTY_BODY = YES;
				CLANG_WARN_ENUM_CONVERSION = YES;
				CLANG_WARN_INT_CONVERSION = YES;
				CLANG_WARN_OBJC_ROOT_CLASS = YES_ERROR;
				CLANG_WARN_UNREACHABLE_CODE = YES;
				CLANG_WARN__DUPLICATE_METHOD_MATCH = YES;
				"CODE_SIGN_IDENTITY[sdk=iphoneos*]" = "iPhone Developer";
				COPY_PHASE_STRIP = YES;
				ENABLE_NS_ASSERTIONS = NO;
				ENABLE_STRICT_OBJC_MSGSEND = YES;
				GCC_C_LANGUAGE_STANDARD = gnu99;
				GCC_WARN_64_TO_32_BIT_CONVERSION = YES;
				GCC_WARN_ABOUT_RETURN_TYPE = YES_ERROR;
				GCC_WARN_UNDECLARED_SELECTOR = YES;
				GCC_WARN_UNINITIALIZED_AUTOS = YES_AGGRESSIVE;
				GCC_WARN_UNUSED_FUNCTION = YES;
				GCC_WARN_UNUSED_VARIABLE = YES;
				IPHONEOS_DEPLOYMENT_TARGET = 8.0;
				MTL_ENABLE_DEBUG_INFO = NO;
				SDKROOT = iphoneos;
				VALIDATE_PRODUCT = YES;
			};
			name = Release;
		};
		16BA8C1619D4B044007B7880 /* Debug */ = {
			isa = XCBuildConfiguration;
			baseConfigurationReference = A52CF54CFCBDCF750E6CCA1C /* Pods.debug.xcconfig */;
			buildSettings = {
				ASSETCATALOG_COMPILER_APPICON_NAME = AppIcon;
				ASSETCATALOG_COMPILER_LAUNCHIMAGE_NAME = LaunchImage;
				INFOPLIST_FILE = "Bar VIP/Info.plist";
				LD_RUNPATH_SEARCH_PATHS = "$(inherited) @executable_path/Frameworks";
				PRODUCT_NAME = "$(TARGET_NAME)";
			};
			name = Debug;
		};
		16BA8C1719D4B044007B7880 /* Release */ = {
			isa = XCBuildConfiguration;
			baseConfigurationReference = F898C20AAD46DFDECD6F22B5 /* Pods.release.xcconfig */;
			buildSettings = {
				ASSETCATALOG_COMPILER_APPICON_NAME = AppIcon;
				ASSETCATALOG_COMPILER_LAUNCHIMAGE_NAME = LaunchImage;
				INFOPLIST_FILE = "Bar VIP/Info.plist";
				LD_RUNPATH_SEARCH_PATHS = "$(inherited) @executable_path/Frameworks";
				PRODUCT_NAME = "$(TARGET_NAME)";
			};
			name = Release;
		};
		16BA8C1919D4B044007B7880 /* Debug */ = {
			isa = XCBuildConfiguration;
			buildSettings = {
				BUNDLE_LOADER = "$(TEST_HOST)";
				FRAMEWORK_SEARCH_PATHS = (
					"$(SDKROOT)/Developer/Library/Frameworks",
					"$(inherited)",
				);
				GCC_PREPROCESSOR_DEFINITIONS = (
					"DEBUG=1",
					"$(inherited)",
				);
				INFOPLIST_FILE = "Bar VIPTests/Info.plist";
				LD_RUNPATH_SEARCH_PATHS = "$(inherited) @executable_path/Frameworks @loader_path/Frameworks";
				PRODUCT_NAME = "$(TARGET_NAME)";
				TEST_HOST = "$(BUILT_PRODUCTS_DIR)/Bar VIP.app/Bar VIP";
			};
			name = Debug;
		};
		16BA8C1A19D4B044007B7880 /* Release */ = {
			isa = XCBuildConfiguration;
			buildSettings = {
				BUNDLE_LOADER = "$(TEST_HOST)";
				FRAMEWORK_SEARCH_PATHS = (
					"$(SDKROOT)/Developer/Library/Frameworks",
					"$(inherited)",
				);
				INFOPLIST_FILE = "Bar VIPTests/Info.plist";
				LD_RUNPATH_SEARCH_PATHS = "$(inherited) @executable_path/Frameworks @loader_path/Frameworks";
				PRODUCT_NAME = "$(TARGET_NAME)";
				TEST_HOST = "$(BUILT_PRODUCTS_DIR)/Bar VIP.app/Bar VIP";
			};
			name = Release;
		};
/* End XCBuildConfiguration section */

/* Begin XCConfigurationList section */
		16BA8BEA19D4B044007B7880 /* Build configuration list for PBXProject "Bar VIP" */ = {
			isa = XCConfigurationList;
			buildConfigurations = (
				16BA8C1319D4B044007B7880 /* Debug */,
				16BA8C1419D4B044007B7880 /* Release */,
			);
			defaultConfigurationIsVisible = 0;
			defaultConfigurationName = Release;
		};
		16BA8C1519D4B044007B7880 /* Build configuration list for PBXNativeTarget "Bar VIP" */ = {
			isa = XCConfigurationList;
			buildConfigurations = (
				16BA8C1619D4B044007B7880 /* Debug */,
				16BA8C1719D4B044007B7880 /* Release */,
			);
			defaultConfigurationIsVisible = 0;
			defaultConfigurationName = Release;
		};
		16BA8C1819D4B044007B7880 /* Build configuration list for PBXNativeTarget "Bar VIPTests" */ = {
			isa = XCConfigurationList;
			buildConfigurations = (
				16BA8C1919D4B044007B7880 /* Debug */,
				16BA8C1A19D4B044007B7880 /* Release */,
			);
			defaultConfigurationIsVisible = 0;
			defaultConfigurationName = Release;
		};
/* End XCConfigurationList section */
	};
	rootObject = 16BA8BE719D4B044007B7880 /* Project object */;
}
